
Microsoft Visual Studio Solution File, Format Version 12.00
# Visual Studio Version 17
VisualStudioVersion = 17.8.34511.84
MinimumVisualStudioVersion = 10.0.40219.1
Project("{FAE04EC0-301F-11D3-BF4B-00C04F79EFBC}") = "MigotoLauncher", "MigotoLauncher\MigotoLauncher.csproj", "{8282A0E0-1888-4772-8F6A-A5F2746137C2}"
EndProject
Global
	GlobalSection(SolutionConfigurationPlatforms) = preSolution
		Debug|Any CPU = Debug|Any CPU
		Release|Any CPU = Release|Any CPU
	EndGlobalSection
	GlobalSection(ProjectConfigurationPlatforms) = postSolution
		{8282A0E0-1888-4772-8F6A-A5F2746137C2}.Debug|Any CPU.ActiveCfg = Debug|Any CPU
		{8282A0E0-1888-4772-8F6A-A5F2746137C2}.Debug|Any CPU.Build.0 = Debug|Any CPU
		{8282A0E0-1888-4772-8F6A-A5F2746137C2}.Release|Any CPU.ActiveCfg = Release|Any CPU
		{8282A0E0-1888-4772-8F6A-A5F2746137C2}.Release|Any CPU.Build.0 = Release|Any CPU
	EndGlobalSection
	GlobalSection(SolutionProperties) = preSolution
		HideSolutionNode = FALSE
	EndGlobalSection
	GlobalSection(ExtensibilityGlobals) = postSolution
		SolutionGuid = {54871F1B-7EF6-4E64-ABAF-38BA8C2C614B}
	EndGlobalSection
EndGlobal
